
Microsoft Visual Studio Solution File, Format Version 12.00
# Visual Studio Version 17
VisualStudioVersion = 17.14.36310.24 d17.14
MinimumVisualStudioVersion = 10.0.40219.1
Project("{8BC9CEB8-8B4A-11D0-8D11-00A0C91BC942}") = "Matrix", "Matrix\Matrix.vcxproj", "{6CCFAB7D-3446-4217-BA5F-6F90CB7D6EC1}"
EndProject
Global
	GlobalSection(SolutionConfigurationPlatforms) = preSolution
		Debug|x64 = Debug|x64
		Debug|x86 = Debug|x86
		Release|x64 = Release|x64
		Release|x86 = Release|x86
	EndGlobalSection
	GlobalSection(ProjectConfigurationPlatforms) = postSolution
		{6CCFAB7D-3446-4217-BA5F-6F90CB7D6EC1}.Debug|x64.ActiveCfg = Debug|x64
		{6CCFAB7D-3446-4217-BA5F-6F90CB7D6EC1}.Debug|x64.Build.0 = Debug|x64
		{6CCFAB7D-3446-4217-BA5F-6F90CB7D6EC1}.Debug|x86.ActiveCfg = Debug|Win32
		{6CCFAB7D-3446-4217-BA5F-6F90CB7D6EC1}.Debug|x86.Build.0 = Debug|Win32
		{6CCFAB7D-3446-4217-BA5F-6F90CB7D6EC1}.Release|x64.ActiveCfg = Release|x64
		{6CCFAB7D-3446-4217-BA5F-6F90CB7D6EC1}.Release|x64.Build.0 = Release|x64
		{6CCFAB7D-3446-4217-BA5F-6F90CB7D6EC1}.Release|x86.ActiveCfg = Release|Win32
		{6CCFAB7D-3446-4217-BA5F-6F90CB7D6EC1}.Release|x86.Build.0 = Release|Win32
	EndGlobalSection
	GlobalSection(SolutionProperties) = preSolution
		HideSolutionNode = FALSE
	EndGlobalSection
	GlobalSection(ExtensibilityGlobals) = postSolution
		SolutionGuid = {283F4F09-77F5-4253-8B24-FB7321B396B6}
	EndGlobalSection
EndGlobal
